
Microsoft Visual Studio Solution File, Format Version 12.00
# Visual Studio Version 16
VisualStudioVersion = 16.0.33328.57
MinimumVisualStudioVersion = 10.0.40219.1
Project("{FAE04EC0-301F-11D3-BF4B-00C04F79EFBC}") = "eTickets", "eTickets\eTickets.csproj", "{01BA9FA7-9EF4-4173-888E-F17D61DAFBAA}"
EndProject
Global
	GlobalSection(SolutionConfigurationPlatforms) = preSolution
		Debug|Any CPU = Debug|Any CPU
		Release|Any CPU = Release|Any CPU
	EndGlobalSection
	GlobalSection(ProjectConfigurationPlatforms) = postSolution
		{01BA9FA7-9EF4-4173-888E-F17D61DAFBAA}.Debug|Any CPU.ActiveCfg = Debug|Any CPU
		{01BA9FA7-9EF4-4173-888E-F17D61DAFBAA}.Debug|Any CPU.Build.0 = Debug|Any CPU
		{01BA9FA7-9EF4-4173-888E-F17D61DAFBAA}.Release|Any CPU.ActiveCfg = Release|Any CPU
		{01BA9FA7-9EF4-4173-888E-F17D61DAFBAA}.Release|Any CPU.Build.0 = Release|Any CPU
	EndGlobalSection
	GlobalSection(SolutionProperties) = preSolution
		HideSolutionNode = FALSE
	EndGlobalSection
	GlobalSection(ExtensibilityGlobals) = postSolution
		SolutionGuid = {352EBC38-7FFF-4A83-A569-F53B10250E8F}
	EndGlobalSection
EndGlobal
